
Microsoft Visual Studio Solution File, Format Version 12.00
# Visual Studio Version 17
VisualStudioVersion = 17.4.33122.133
MinimumVisualStudioVersion = 10.0.40219.1
Project("{FAE04EC0-301F-11D3-BF4B-00C04F79EFBC}") = "webAPI1", "webAPI1\webAPI1.csproj", "{CBA31F30-D6E6-46F9-896F-83ADD6679281}"
EndProject
Global
	GlobalSection(SolutionConfigurationPlatforms) = preSolution
		Debug|Any CPU = Debug|Any CPU
		Release|Any CPU = Release|Any CPU
	EndGlobalSection
	GlobalSection(ProjectConfigurationPlatforms) = postSolution
		{CBA31F30-D6E6-46F9-896F-83ADD6679281}.Debug|Any CPU.ActiveCfg = Debug|Any CPU
		{CBA31F30-D6E6-46F9-896F-83ADD6679281}.Debug|Any CPU.Build.0 = Debug|Any CPU
		{CBA31F30-D6E6-46F9-896F-83ADD6679281}.Release|Any CPU.ActiveCfg = Release|Any CPU
		{CBA31F30-D6E6-46F9-896F-83ADD6679281}.Release|Any CPU.Build.0 = Release|Any CPU
	EndGlobalSection
	GlobalSection(SolutionProperties) = preSolution
		HideSolutionNode = FALSE
	EndGlobalSection
	GlobalSection(ExtensibilityGlobals) = postSolution
		SolutionGuid = {50A38587-E9F7-45B7-88A1-18D43B90B919}
	EndGlobalSection
EndGlobal
